
Microsoft Visual Studio Solution File, Format Version 12.00
# Visual Studio 15
VisualStudioVersion = 15.0.28010.2026
MinimumVisualStudioVersion = 10.0.40219.1
Project("{FAE04EC0-301F-11D3-BF4B-00C04F79EFBC}") = "Weapon_Store.Client", "Weapon_Store.Client\Weapon_Store.Client.csproj", "{A5DC0333-733F-4EB1-B23D-2A4FD64525FA}"
EndProject
Global
	GlobalSection(SolutionConfigurationPlatforms) = preSolution
		Debug|Any CPU = Debug|Any CPU
		Release|Any CPU = Release|Any CPU
	EndGlobalSection
	GlobalSection(ProjectConfigurationPlatforms) = postSolution
		{A5DC0333-733F-4EB1-B23D-2A4FD64525FA}.Debug|Any CPU.ActiveCfg = Debug|Any CPU
		{A5DC0333-733F-4EB1-B23D-2A4FD64525FA}.Debug|Any CPU.Build.0 = Debug|Any CPU
		{A5DC0333-733F-4EB1-B23D-2A4FD64525FA}.Release|Any CPU.ActiveCfg = Release|Any CPU
		{A5DC0333-733F-4EB1-B23D-2A4FD64525FA}.Release|Any CPU.Build.0 = Release|Any CPU
	EndGlobalSection
	GlobalSection(SolutionProperties) = preSolution
		HideSolutionNode = FALSE
	EndGlobalSection
	GlobalSection(ExtensibilityGlobals) = postSolution
		SolutionGuid = {DA75F8EE-E98F-43E7-8BE4-3A94D67F9D1D}
	EndGlobalSection
EndGlobal
